<?xml version="1.0" encoding="utf-8"?>
<Project ToolsVersion="4.0" xmlns="http://schemas.microsoft.com/developer/msbuild/2003">
  <ItemGroup>
    <Filter Include="Resource Files">
      <UniqueIdentifier>{67DA6AB6-F800-4c08-8B7A-83BB121AAD01}</UniqueIdentifier>
      <Extensions>rc;ico;cur;bmp;dlg;rc2;rct;bin;rgs;gif;jpg;jpeg;jpe;resx;tiff;tif;png;wav;mfcribbon-ms</Extensions>
    </Filter>
    <Filter Include="Source">
      <UniqueIdentifier>{30d4b204-93d3-4ca1-953b-110ebca374f6}</UniqueIdentifier>
    </Filter>
    <Filter Include="Source\Header Files">
      <UniqueIdentifier>{93995380-89BD-4b04-88EB-625FBE52EBFB}</UniqueIdentifier>
      <Extensions>h;hh;hpp;hxx;h++;hm;inl;inc;ipp;xsd</Extensions>
    </Filter>
    <Filter Include="Source\Source Files">
      <UniqueIdentifier>{4FC737F1-C7A5-4376-A066-2A32D752A2FF}</UniqueIdentifier>
      <Extensions>cpp;c;cc;cxx;c++;cppm;ixx;def;odl;idl;hpj;bat;asm;asmx</Extensions>
    </Filter>
    <Filter Include="Source\Source Files\Windows">
      <UniqueIdentifier>{67d949a4-7c4a-42ca-b138-917a4857a7c6}</UniqueIdentifier>
    </Filter>
    <Filter Include="Source\Header Files\Windows">
      <UniqueIdentifier>{8c25f59c-23c7-4717-8e46-c7ad0c9cf1f7}</UniqueIdentifier>
    </Filter>
    <Filter Include="Source\Header Files\Graphics">
      <UniqueIdentifier>{cd8ede11-2cdd-4096-b8a1-4ac47599bd56}</UniqueIdentifier>
    </Filter>
    <Filter Include="Source\Source Files\Graphics">
      <UniqueIdentifier>{f2a54053-85fc-4e44-af6c-ad3619234417}</UniqueIdentifier>
    </Filter>
    <Filter Include="Source\Header Files\Graphics\imgui">
      <UniqueIdentifier>{1056ecb1-8971-4d69-a7ed-5cef0515b6c1}</UniqueIdentifier>
    </Filter>
    <Filter Include="Source\Source Files\Graphics\imgui">
      <UniqueIdentifier>{e627516b-cc05-4974-bc7a-150d4d66dc85}</UniqueIdentifier>
    </Filter>
    <Filter Include="Source\Header Files\Utilitys">
      <UniqueIdentifier>{10c73b39-40bd-45e0-be70-96e64600832f}</UniqueIdentifier>
    </Filter>
    <Filter Include="Source\Source Files\Utilitys">
      <UniqueIdentifier>{e9e1b796-c9d4-45ca-be44-917b5187a38a}</UniqueIdentifier>
    </Filter>
    <Filter Include="Source\Header Files\Game">
      <UniqueIdentifier>{9d054f18-da63-498e-a2d2-d41e6ffa2dad}</UniqueIdentifier>
    </Filter>
    <Filter Include="Source\Source Files\Game">
      <UniqueIdentifier>{60140cf2-0ce2-4b71-91a2-3ad4b0b65350}</UniqueIdentifier>
    </Filter>
    <Filter Include="Source\Header Files\Graphics\Shaders">
      <UniqueIdentifier>{2092a45b-bde2-42a3-b132-ed1557279b2d}</UniqueIdentifier>
    </Filter>
    <Filter Include="Source\Header Files\Graphics\Drawables">
      <UniqueIdentifier>{b1c7e355-7bbf-4c35-9d9d-426453125535}</UniqueIdentifier>
    </Filter>
    <Filter Include="Source\Source Files\Graphics\Drawables">
      <UniqueIdentifier>{05df2d46-cf82-4863-a75b-4999e77e95f3}</UniqueIdentifier>
    </Filter>
    <Filter Include="Source\Header Files\Graphics\Binables">
      <UniqueIdentifier>{9f7619eb-daaa-41b1-94ac-26260a595f08}</UniqueIdentifier>
    </Filter>
    <Filter Include="Source\Source Files\Graphics\Binables">
      <UniqueIdentifier>{cdc6b1d8-2b9d-44f2-a91a-483d804c33ab}</UniqueIdentifier>
    </Filter>
    <Filter Include="Source\Header Files\Graphics\Lights">
      <UniqueIdentifier>{890a3ff0-dd98-4223-8e55-ee5233e1bab7}</UniqueIdentifier>
    </Filter>
    <Filter Include="Source\Source Files\Graphics\Lights">
      <UniqueIdentifier>{f5acd080-9ab2-4c34-8f79-3ba6c794bd63}</UniqueIdentifier>
    </Filter>
    <Filter Include="Source\Header Files\assimp">
      <UniqueIdentifier>{1c5fa80f-5a66-469e-ae17-c7c4968df818}</UniqueIdentifier>
    </Filter>
  </ItemGroup>
  <ItemGroup>
    <ClCompile Include="Source\Windows\GenWinMain.cpp">
      <Filter>Source\Source Files\Windows</Filter>
    </ClCompile>
    <ClCompile Include="Source\Windows\Keyboard.cpp">
      <Filter>Source\Source Files\Windows</Filter>
    </ClCompile>
    <ClCompile Include="Source\Windows\Mouse.cpp">
      <Filter>Source\Source Files\Windows</Filter>
    </ClCompile>
    <ClCompile Include="Source\Windows\GenWindow.cpp">
      <Filter>Source\Source Files\Windows</Filter>
    </ClCompile>
    <ClCompile Include="Source\imgui\imgui.cpp">
      <Filter>Source\Source Files\Graphics\imgui</Filter>
    </ClCompile>
    <ClCompile Include="Source\imgui\imgui_demo.cpp">
      <Filter>Source\Source Files\Graphics\imgui</Filter>
    </ClCompile>
    <ClCompile Include="Source\imgui\imgui_draw.cpp">
      <Filter>Source\Source Files\Graphics\imgui</Filter>
    </ClCompile>
    <ClCompile Include="Source\imgui\imgui_impl_dx11.cpp">
      <Filter>Source\Source Files\Graphics\imgui</Filter>
    </ClCompile>
    <ClCompile Include="Source\imgui\imgui_impl_win32.cpp">
      <Filter>Source\Source Files\Graphics\imgui</Filter>
    </ClCompile>
    <ClCompile Include="Source\imgui\imgui_tables.cpp">
      <Filter>Source\Source Files\Graphics\imgui</Filter>
    </ClCompile>
    <ClCompile Include="Source\imgui\imgui_widgets.cpp">
      <Filter>Source\Source Files\Graphics\imgui</Filter>
    </ClCompile>
    <ClCompile Include="Source\Utilitys\GenException.cpp">
      <Filter>Source\Source Files\Utilitys</Filter>
    </ClCompile>
    <ClCompile Include="Source\Game\Genesis.cpp">
      <Filter>Source\Source Files\Game</Filter>
    </ClCompile>
    <ClCompile Include="Source\Utilitys\GenTimer.cpp">
      <Filter>Source\Source Files\Utilitys</Filter>
    </ClCompile>
    <ClCompile Include="Source\Graphics\Drawable.cpp">
      <Filter>Source\Source Files\Graphics\Drawables</Filter>
    </ClCompile>
    <ClCompile Include="Source\Graphics\IndexBuffer.cpp">
      <Filter>Source\Source Files\Graphics\Binables</Filter>
    </ClCompile>
    <ClCompile Include="Source\Graphics\Bindable.cpp">
      <Filter>Source\Source Files\Graphics\Binables</Filter>
    </ClCompile>
    <ClCompile Include="Source\Graphics\InputLayout.cpp">
      <Filter>Source\Source Files\Graphics\Binables</Filter>
    </ClCompile>
    <ClCompile Include="Source\Graphics\PixelShader.cpp">
      <Filter>Source\Source Files\Graphics\Binables</Filter>
    </ClCompile>
    <ClCompile Include="Source\Graphics\Topology.cpp">
      <Filter>Source\Source Files\Graphics\Binables</Filter>
    </ClCompile>
    <ClCompile Include="Source\Graphics\TransformCbuf.cpp">
      <Filter>Source\Source Files\Graphics\Binables</Filter>
    </ClCompile>
    <ClCompile Include="Source\Graphics\VertexBuffer.cpp">
      <Filter>Source\Source Files\Graphics\Binables</Filter>
    </ClCompile>
    <ClCompile Include="Source\Graphics\VertexShader.cpp">
      <Filter>Source\Source Files\Graphics\Binables</Filter>
    </ClCompile>
    <ClCompile Include="Source\Graphics\GDIPlusManager.cpp">
      <Filter>Source\Source Files\Graphics</Filter>
    </ClCompile>
    <ClCompile Include="Source\Graphics\Surface.cpp">
      <Filter>Source\Source Files\Graphics\Drawables</Filter>
    </ClCompile>
    <ClCompile Include="Source\Graphics\Texture.cpp">
      <Filter>Source\Source Files\Graphics\Binables</Filter>
    </ClCompile>
    <ClCompile Include="Source\Graphics\Sampler.cpp">
      <Filter>Source\Source Files\Graphics\Binables</Filter>
    </ClCompile>
    <ClCompile Include="Source\Graphics\GenGraphics.cpp">
      <Filter>Source\Source Files\Graphics</Filter>
    </ClCompile>
    <ClCompile Include="Source\imgui\ImguiManager.cpp">
      <Filter>Source\Source Files\Graphics\imgui</Filter>
    </ClCompile>
    <ClCompile Include="Source\Graphics\GenCamera.cpp">
      <Filter>Source\Source Files\Graphics</Filter>
    </ClCompile>
    <ClCompile Include="Source\Graphics\PointLight.cpp">
      <Filter>Source\Source Files\Graphics\Lights</Filter>
    </ClCompile>
    <ClCompile Include="Source\Graphics\SolidSphere.cpp">
      <Filter>Source\Source Files\Graphics\Drawables</Filter>
    </ClCompile>
    <ClCompile Include="Source\Graphics\Vertex.cpp">
      <Filter>Source\Source Files\Graphics\Binables</Filter>
    </ClCompile>
    <ClCompile Include="Source\Graphics\Mesh.cpp">
      <Filter>Source\Source Files\Graphics\Drawables</Filter>
    </ClCompile>
  </ItemGroup>
  <ItemGroup>
    <ClInclude Include="Source\Windows\GenWin.h">
      <Filter>Source\Header Files\Windows</Filter>
    </ClInclude>
    <ClInclude Include="Source\Windows\Keyboard.h">
      <Filter>Source\Header Files\Windows</Filter>
    </ClInclude>
    <ClInclude Include="resource.h">
      <Filter>Resource Files</Filter>
    </ClInclude>
    <ClInclude Include="Source\Windows\Mouse.h">
      <Filter>Source\Header Files\Windows</Filter>
    </ClInclude>
    <ClInclude Include="Source\Windows\GenWindow.h">
      <Filter>Source\Header Files\Windows</Filter>
    </ClInclude>
    <ClInclude Include="Source\imgui\imconfig.h">
      <Filter>Source\Header Files\Graphics\imgui</Filter>
    </ClInclude>
    <ClInclude Include="Source\imgui\imgui.h">
      <Filter>Source\Header Files\Graphics\imgui</Filter>
    </ClInclude>
    <ClInclude Include="Source\imgui\imgui_impl_dx11.h">
      <Filter>Source\Header Files\Graphics\imgui</Filter>
    </ClInclude>
    <ClInclude Include="Source\imgui\imgui_impl_win32.h">
      <Filter>Source\Header Files\Graphics\imgui</Filter>
    </ClInclude>
    <ClInclude Include="Source\imgui\imgui_internal.h">
      <Filter>Source\Header Files\Graphics\imgui</Filter>
    </ClInclude>
    <ClInclude Include="Source\imgui\imstb_rectpack.h">
      <Filter>Source\Header Files\Graphics\imgui</Filter>
    </ClInclude>
    <ClInclude Include="Source\imgui\imstb_textedit.h">
      <Filter>Source\Header Files\Graphics\imgui</Filter>
    </ClInclude>
    <ClInclude Include="Source\imgui\imstb_truetype.h">
      <Filter>Source\Header Files\Graphics\imgui</Filter>
    </ClInclude>
    <ClInclude Include="Source\Utilitys\GenException.h">
      <Filter>Source\Header Files\Utilitys</Filter>
    </ClInclude>
    <ClInclude Include="Source\Game\Genesis.h">
      <Filter>Source\Header Files\Game</Filter>
    </ClInclude>
    <ClInclude Include="Source\Utilitys\GenTimer.h">
      <Filter>Source\Header Files\Utilitys</Filter>
    </ClInclude>
    <ClInclude Include="Source\Graphics\GenGraphics.h">
      <Filter>Source\Header Files\Graphics</Filter>
    </ClInclude>
    <ClInclude Include="Source\Graphics\DrawableBase.h">
      <Filter>Source\Header Files\Graphics\Drawables</Filter>
    </ClInclude>
    <ClInclude Include="Source\Graphics\Drawable.h">
      <Filter>Source\Header Files\Graphics\Drawables</Filter>
    </ClInclude>
    <ClInclude Include="Source\Graphics\IndexBuffer.h">
      <Filter>Source\Header Files\Graphics\Binables</Filter>
    </ClInclude>
    <ClInclude Include="Source\Graphics\Bindable.h">
      <Filter>Source\Header Files\Graphics\Binables</Filter>
    </ClInclude>
    <ClInclude Include="Source\Graphics\BindableCommon.h">
      <Filter>Source\Header Files\Graphics\Binables</Filter>
    </ClInclude>
    <ClInclude Include="Source\Graphics\ConstantBuffers.h">
      <Filter>Source\Header Files\Graphics\Binables</Filter>
    </ClInclude>
    <ClInclude Include="Source\Graphics\InputLayout.h">
      <Filter>Source\Header Files\Graphics\Binables</Filter>
    </ClInclude>
    <ClInclude Include="Source\Graphics\PixelShader.h">
      <Filter>Source\Header Files\Graphics\Binables</Filter>
    </ClInclude>
    <ClInclude Include="Source\Graphics\Topology.h">
      <Filter>Source\Header Files\Graphics\Binables</Filter>
    </ClInclude>
    <ClInclude Include="Source\Graphics\TransformCbuf.h">
      <Filter>Source\Header Files\Graphics\Binables</Filter>
    </ClInclude>
    <ClInclude Include="Source\Graphics\VertexBuffer.h">
      <Filter>Source\Header Files\Graphics\Binables</Filter>
    </ClInclude>
    <ClInclude Include="Source\Graphics\VertexShader.h">
      <Filter>Source\Header Files\Graphics\Binables</Filter>
    </ClInclude>
    <ClInclude Include="Source\Graphics\Sphere.h">
      <Filter>Source\Header Files\Graphics\Drawables</Filter>
    </ClInclude>
    <ClInclude Include="Source\Graphics\IndexedTriangleList.h">
      <Filter>Source\Header Files\Graphics\Drawables</Filter>
    </ClInclude>
    <ClInclude Include="Source\Utilitys\GenMath.h">
      <Filter>Source\Header Files\Utilitys</Filter>
    </ClInclude>
    <ClInclude Include="Source\Graphics\Cone.h">
      <Filter>Source\Header Files\Graphics\Drawables</Filter>
    </ClInclude>
    <ClInclude Include="Source\Graphics\Cube.h">
      <Filter>Source\Header Files\Graphics\Drawables</Filter>
    </ClInclude>
    <ClInclude Include="Source\Graphics\GDIPlusManager.h">
      <Filter>Source\Header Files\Graphics</Filter>
    </ClInclude>
    <ClInclude Include="Source\Graphics\Plane.h">
      <Filter>Source\Header Files\Graphics\Drawables</Filter>
    </ClInclude>
    <ClInclude Include="Source\Graphics\Surface.h">
      <Filter>Source\Header Files\Graphics\Drawables</Filter>
    </ClInclude>
    <ClInclude Include="Source\Graphics\Texture.h">
      <Filter>Source\Header Files\Graphics\Binables</Filter>
    </ClInclude>
    <ClInclude Include="Source\Graphics\Sampler.h">
      <Filter>Source\Header Files\Graphics\Binables</Filter>
    </ClInclude>
    <ClInclude Include="Source\imgui\ImguiManager.h">
      <Filter>Source\Header Files\Graphics\imgui</Filter>
    </ClInclude>
    <ClInclude Include="Source\Graphics\GenCamera.h">
      <Filter>Source\Header Files\Graphics</Filter>
    </ClInclude>
    <ClInclude Include="Source\Graphics\PointLight.h">
      <Filter>Source\Header Files\Graphics\Lights</Filter>
    </ClInclude>
    <ClInclude Include="Source\Graphics\SolidSphere.h">
      <Filter>Source\Header Files\Graphics\Drawables</Filter>
    </ClInclude>
    <ClInclude Include="Source\Utilitys\ConditionalNoexcept.h">
      <Filter>Source\Header Files\Utilitys</Filter>
    </ClInclude>
    <ClInclude Include="Source\Graphics\Vertex.h">
      <Filter>Source\Header Files\Graphics\Binables</Filter>
    </ClInclude>
    <ClInclude Include="Source\Graphics\Color.h">
      <Filter>Source\Header Files\Graphics</Filter>
    </ClInclude>
    <ClInclude Include="Source\Graphics\Mesh.h">
      <Filter>Source\Header Files\Graphics\Drawables</Filter>
    </ClInclude>
  </ItemGroup>
  <ItemGroup>
    <ResourceCompile Include="Genesis.rc">
      <Filter>Resource Files</Filter>
    </ResourceCompile>
  </ItemGroup>
  <ItemGroup>
    <Image Include="Content\Icons\man.png">
      <Filter>Resource Files</Filter>
    </Image>
    <Image Include="Content\Icons\man.bmp">
      <Filter>Resource Files</Filter>
    </Image>
  </ItemGroup>
  <ItemGroup>
    <FxCompile Include="Source\Shaders\PhongPS.hlsl">
      <Filter>Source\Header Files\Graphics\Shaders</Filter>
    </FxCompile>
    <FxCompile Include="Source\Shaders\PhongVS.hlsl">
      <Filter>Source\Header Files\Graphics\Shaders</Filter>
    </FxCompile>
    <FxCompile Include="Source\Shaders\SolidVS.hlsl">
      <Filter>Source\Header Files\Graphics\Shaders</Filter>
    </FxCompile>
    <FxCompile Include="Source\Shaders\SolidPS.hlsl">
      <Filter>Source\Header Files\Graphics\Shaders</Filter>
    </FxCompile>
  </ItemGroup>
  <ItemGroup>
    <None Include="packages.config" />
  </ItemGroup>
</Project>