<?xml version="1.0" encoding="utf-8"?>
<Project ToolsVersion="4.0" xmlns="http://schemas.microsoft.com/developer/msbuild/2003">
  <ItemGroup>
    <ClCompile Include="Win\EntryPoint.cpp" />
    <ClCompile Include="App\EngineApp.cpp" />
    <ClCompile Include="Win\Window.cpp" />
    <ClCompile Include="Core\GContext.cpp" />
    <ClCompile Include="Win\Keyboard.cpp" />
    <ClCompile Include="Win\Mouse.cpp" />
    <ClCompile Include="Graphics\Graphics.cpp" />
    <ClCompile Include="Logger\Log.cpp" />
    <ClCompile Include="imgui\imgui.cpp" />
    <ClCompile Include="imgui\imgui_demo.cpp" />
    <ClCompile Include="imgui\imgui_draw.cpp" />
    <ClCompile Include="imgui\imgui_impl_dx12.cpp" />
    <ClCompile Include="imgui\imgui_impl_win32.cpp" />
    <ClCompile Include="imgui\imgui_tables.cpp" />
    <ClCompile Include="imgui\imgui_widgets.cpp" />
    <ClCompile Include="Core\GenException.cpp" />
    <ClCompile Include="imgui\imgui_impl_dx11.cpp" />
    <ClCompile Include="Core\GenTimer.cpp" />
    <ClCompile Include="Core\StringConverter.cpp" />
    <ClCompile Include="Graphics\D3D11\GraphicsDX11.cpp" />
    <ClCompile Include="Graphics\D3D11\AdapterReader.cpp" />
    <ClCompile Include="Graphics\D3D11\Shaders.cpp" />
  </ItemGroup>
  <ItemGroup>
    <ClInclude Include="Win\WinInclude.h" />
    <ClInclude Include="App\EngineApp.h" />
    <ClInclude Include="Win\Window.h" />
    <ClInclude Include="Core\GContext.h" />
    <ClInclude Include="Core\CommonHeaders.h" />
    <ClInclude Include="Win\Keyboard.h" />
    <ClInclude Include="Win\Mouse.h" />
    <ClInclude Include="Graphics\Graphics.h" />
    <ClInclude Include="Logger\Log.h" />
    <ClInclude Include="Graphics\GraphicsIncludes.h" />
    <ClInclude Include="imgui\imconfig.h" />
    <ClInclude Include="imgui\imgui.h" />
    <ClInclude Include="imgui\imgui_impl_dx12.h" />
    <ClInclude Include="imgui\imgui_impl_win32.h" />
    <ClInclude Include="imgui\imgui_internal.h" />
    <ClInclude Include="imgui\imstb_rectpack.h" />
    <ClInclude Include="imgui\imstb_textedit.h" />
    <ClInclude Include="imgui\imstb_truetype.h" />
    <ClInclude Include="Core\GenException.h" />
    <ClInclude Include="imgui\imgui_impl_dx11.h" />
    <ClInclude Include="Core\GenTimer.h" />
    <ClInclude Include="Core\StringConverter.h" />
    <ClInclude Include="Graphics\D3D11\GraphicsDX11.h" />
    <ClInclude Include="Graphics\D3D11\AdapterReader.h" />
    <ClInclude Include="Graphics\D3D11\Shaders.h" />
  </ItemGroup>
  <ItemGroup>
    <None Include="packages.config" />
  </ItemGroup>
  <ItemGroup>
    <FxCompile Include="Shaders\VertexShader.hlsl" />
    <FxCompile Include="Shaders\PixelShader.hlsl" />
  </ItemGroup>
</Project>